
Microsoft Visual Studio Solution File, Format Version 12.00
# Visual Studio Version 16
VisualStudioVersion = 16.0.30621.155
MinimumVisualStudioVersion = 10.0.40219.1
Project("{FAE04EC0-301F-11D3-BF4B-00C04F79EFBC}") = "iseseisevtoo.Android", "iseseisevtoo\iseseisevtoo.Android\iseseisevtoo.Android.csproj", "{D81DAABB-F02B-48FE-8FB0-31F6FBE8EAC0}"
EndProject
Project("{FAE04EC0-301F-11D3-BF4B-00C04F79EFBC}") = "iseseisevtoo", "iseseisevtoo\iseseisevtoo\iseseisevtoo.csproj", "{AAC922CA-7991-483E-B68E-3D0F6514B650}"
EndProject
Global
	GlobalSection(SolutionConfigurationPlatforms) = preSolution
		Debug|Any CPU = Debug|Any CPU
		Release|Any CPU = Release|Any CPU
	EndGlobalSection
	GlobalSection(ProjectConfigurationPlatforms) = postSolution
		{D81DAABB-F02B-48FE-8FB0-31F6FBE8EAC0}.Debug|Any CPU.ActiveCfg = Debug|Any CPU
		{D81DAABB-F02B-48FE-8FB0-31F6FBE8EAC0}.Debug|Any CPU.Build.0 = Debug|Any CPU
		{D81DAABB-F02B-48FE-8FB0-31F6FBE8EAC0}.Debug|Any CPU.Deploy.0 = Debug|Any CPU
		{D81DAABB-F02B-48FE-8FB0-31F6FBE8EAC0}.Release|Any CPU.ActiveCfg = Release|Any CPU
		{D81DAABB-F02B-48FE-8FB0-31F6FBE8EAC0}.Release|Any CPU.Build.0 = Release|Any CPU
		{D81DAABB-F02B-48FE-8FB0-31F6FBE8EAC0}.Release|Any CPU.Deploy.0 = Release|Any CPU
		{AAC922CA-7991-483E-B68E-3D0F6514B650}.Debug|Any CPU.ActiveCfg = Debug|Any CPU
		{AAC922CA-7991-483E-B68E-3D0F6514B650}.Debug|Any CPU.Build.0 = Debug|Any CPU
		{AAC922CA-7991-483E-B68E-3D0F6514B650}.Debug|Any CPU.Deploy.0 = Debug|Any CPU
		{AAC922CA-7991-483E-B68E-3D0F6514B650}.Release|Any CPU.ActiveCfg = Release|Any CPU
		{AAC922CA-7991-483E-B68E-3D0F6514B650}.Release|Any CPU.Build.0 = Release|Any CPU
		{AAC922CA-7991-483E-B68E-3D0F6514B650}.Release|Any CPU.Deploy.0 = Release|Any CPU
	EndGlobalSection
	GlobalSection(SolutionProperties) = preSolution
		HideSolutionNode = FALSE
	EndGlobalSection
	GlobalSection(ExtensibilityGlobals) = postSolution
		SolutionGuid = {B09DCE7C-2CBE-4D7A-93F3-EA30CB8AA999}
	EndGlobalSection
EndGlobal
